
Microsoft Visual Studio Solution File, Format Version 12.00
# Visual Studio 15
VisualStudioVersion = 15.0.28307.572
MinimumVisualStudioVersion = 10.0.40219.1
Project("{FAE04EC0-301F-11D3-BF4B-00C04F79EFBC}") = "FTools", "FTools\FTools.csproj", "{C20DC67C-F85A-4D9D-A133-02CF0AB8BA4B}"
EndProject
Global
	GlobalSection(SolutionConfigurationPlatforms) = preSolution
		Debug|Any CPU = Debug|Any CPU
		Release|Any CPU = Release|Any CPU
	EndGlobalSection
	GlobalSection(ProjectConfigurationPlatforms) = postSolution
		{C20DC67C-F85A-4D9D-A133-02CF0AB8BA4B}.Debug|Any CPU.ActiveCfg = Debug|Any CPU
		{C20DC67C-F85A-4D9D-A133-02CF0AB8BA4B}.Debug|Any CPU.Build.0 = Debug|Any CPU
		{C20DC67C-F85A-4D9D-A133-02CF0AB8BA4B}.Release|Any CPU.ActiveCfg = Release|Any CPU
		{C20DC67C-F85A-4D9D-A133-02CF0AB8BA4B}.Release|Any CPU.Build.0 = Release|Any CPU
	EndGlobalSection
	GlobalSection(SolutionProperties) = preSolution
		HideSolutionNode = FALSE
	EndGlobalSection
	GlobalSection(ExtensibilityGlobals) = postSolution
		SolutionGuid = {5E4FCB31-2628-4826-A7B7-ECC075D6B432}
	EndGlobalSection
EndGlobal
